
Microsoft Visual Studio Solution File, Format Version 12.00
# Visual Studio Version 16
VisualStudioVersion = 16.0.31729.503
MinimumVisualStudioVersion = 10.0.40219.1
Project("{FAE04EC0-301F-11D3-BF4B-00C04F79EFBC}") = "MojeCesta.Android", "MojeCesta\MojeCesta.Android\MojeCesta.Android.csproj", "{1D8C958B-8883-47C0-82CB-F4DDF509C191}"
EndProject
Project("{9A19103F-16F7-4668-BE54-9A1E7A4F7556}") = "MojeCesta", "MojeCesta\MojeCesta\MojeCesta.csproj", "{5D4A1745-7A85-401C-BDF3-F597080EF9FE}"
EndProject
Project("{FAE04EC0-301F-11D3-BF4B-00C04F79EFBC}") = "NavigacniDataServer", "NavigacniDataServer\NavigacniDataServer.csproj", "{FE40B600-7D44-4827-B279-B1D12AF5AF79}"
EndProject
Global
	GlobalSection(SolutionConfigurationPlatforms) = preSolution
		Debug|Any CPU = Debug|Any CPU
		Release|Any CPU = Release|Any CPU
	EndGlobalSection
	GlobalSection(ProjectConfigurationPlatforms) = postSolution
		{1D8C958B-8883-47C0-82CB-F4DDF509C191}.Debug|Any CPU.ActiveCfg = Debug|Any CPU
		{1D8C958B-8883-47C0-82CB-F4DDF509C191}.Debug|Any CPU.Build.0 = Debug|Any CPU
		{1D8C958B-8883-47C0-82CB-F4DDF509C191}.Debug|Any CPU.Deploy.0 = Debug|Any CPU
		{1D8C958B-8883-47C0-82CB-F4DDF509C191}.Release|Any CPU.ActiveCfg = Release|Any CPU
		{1D8C958B-8883-47C0-82CB-F4DDF509C191}.Release|Any CPU.Build.0 = Release|Any CPU
		{1D8C958B-8883-47C0-82CB-F4DDF509C191}.Release|Any CPU.Deploy.0 = Release|Any CPU
		{5D4A1745-7A85-401C-BDF3-F597080EF9FE}.Debug|Any CPU.ActiveCfg = Debug|Any CPU
		{5D4A1745-7A85-401C-BDF3-F597080EF9FE}.Debug|Any CPU.Build.0 = Debug|Any CPU
		{5D4A1745-7A85-401C-BDF3-F597080EF9FE}.Debug|Any CPU.Deploy.0 = Debug|Any CPU
		{5D4A1745-7A85-401C-BDF3-F597080EF9FE}.Release|Any CPU.ActiveCfg = Release|Any CPU
		{5D4A1745-7A85-401C-BDF3-F597080EF9FE}.Release|Any CPU.Build.0 = Release|Any CPU
		{5D4A1745-7A85-401C-BDF3-F597080EF9FE}.Release|Any CPU.Deploy.0 = Release|Any CPU
		{FE40B600-7D44-4827-B279-B1D12AF5AF79}.Debug|Any CPU.ActiveCfg = Debug|Any CPU
		{FE40B600-7D44-4827-B279-B1D12AF5AF79}.Debug|Any CPU.Build.0 = Debug|Any CPU
		{FE40B600-7D44-4827-B279-B1D12AF5AF79}.Release|Any CPU.ActiveCfg = Release|Any CPU
		{FE40B600-7D44-4827-B279-B1D12AF5AF79}.Release|Any CPU.Build.0 = Release|Any CPU
	EndGlobalSection
	GlobalSection(SolutionProperties) = preSolution
		HideSolutionNode = FALSE
	EndGlobalSection
	GlobalSection(ExtensibilityGlobals) = postSolution
		SolutionGuid = {57F39B4C-5233-4E36-BDF0-FF8306BEBB23}
	EndGlobalSection
EndGlobal
